
Microsoft Visual Studio Solution File, Format Version 12.00
# Visual Studio Version 17
VisualStudioVersion = 17.1.32228.430
MinimumVisualStudioVersion = 10.0.40219.1
Project("{FAE04EC0-301F-11D3-BF4B-00C04F79EFBC}") = "PL", "PL\PL.csproj", "{8A208048-DE28-4271-88F1-23329D15D70B}"
	ProjectSection(ProjectDependencies) = postProject
		{8334A447-A8A4-4475-BD3E-8AFF1578E7A3} = {8334A447-A8A4-4475-BD3E-8AFF1578E7A3}
	EndProjectSection
EndProject
Project("{FAE04EC0-301F-11D3-BF4B-00C04F79EFBC}") = "ML", "ML\ML.csproj", "{F3F61266-1177-4D42-AD89-23C78AFD4C24}"
EndProject
Project("{FAE04EC0-301F-11D3-BF4B-00C04F79EFBC}") = "BL", "BL\BL.csproj", "{D8DC15D6-089B-4E7D-93AD-66622F771BD6}"
EndProject
Project("{FAE04EC0-301F-11D3-BF4B-00C04F79EFBC}") = "DL", "DL\DL.csproj", "{AA731AB2-C767-4D43-9965-61FF30F86295}"
EndProject
Project("{FAE04EC0-301F-11D3-BF4B-00C04F79EFBC}") = "SLWCF", "SLWCF\SLWCF.csproj", "{8334A447-A8A4-4475-BD3E-8AFF1578E7A3}"
EndProject
Project("{FAE04EC0-301F-11D3-BF4B-00C04F79EFBC}") = "SLWebApi", "SLWebApi\SLWebApi.csproj", "{3AFB8505-3849-4A88-9DDB-5B1720FCE736}"
EndProject
Global
	GlobalSection(SolutionConfigurationPlatforms) = preSolution
		Debug|Any CPU = Debug|Any CPU
		Release|Any CPU = Release|Any CPU
	EndGlobalSection
	GlobalSection(ProjectConfigurationPlatforms) = postSolution
		{8A208048-DE28-4271-88F1-23329D15D70B}.Debug|Any CPU.ActiveCfg = Debug|Any CPU
		{8A208048-DE28-4271-88F1-23329D15D70B}.Debug|Any CPU.Build.0 = Debug|Any CPU
		{8A208048-DE28-4271-88F1-23329D15D70B}.Release|Any CPU.ActiveCfg = Release|Any CPU
		{8A208048-DE28-4271-88F1-23329D15D70B}.Release|Any CPU.Build.0 = Release|Any CPU
		{F3F61266-1177-4D42-AD89-23C78AFD4C24}.Debug|Any CPU.ActiveCfg = Debug|Any CPU
		{F3F61266-1177-4D42-AD89-23C78AFD4C24}.Debug|Any CPU.Build.0 = Debug|Any CPU
		{F3F61266-1177-4D42-AD89-23C78AFD4C24}.Release|Any CPU.ActiveCfg = Release|Any CPU
		{F3F61266-1177-4D42-AD89-23C78AFD4C24}.Release|Any CPU.Build.0 = Release|Any CPU
		{D8DC15D6-089B-4E7D-93AD-66622F771BD6}.Debug|Any CPU.ActiveCfg = Debug|Any CPU
		{D8DC15D6-089B-4E7D-93AD-66622F771BD6}.Debug|Any CPU.Build.0 = Debug|Any CPU
		{D8DC15D6-089B-4E7D-93AD-66622F771BD6}.Release|Any CPU.ActiveCfg = Release|Any CPU
		{D8DC15D6-089B-4E7D-93AD-66622F771BD6}.Release|Any CPU.Build.0 = Release|Any CPU
		{AA731AB2-C767-4D43-9965-61FF30F86295}.Debug|Any CPU.ActiveCfg = Debug|Any CPU
		{AA731AB2-C767-4D43-9965-61FF30F86295}.Debug|Any CPU.Build.0 = Debug|Any CPU
		{AA731AB2-C767-4D43-9965-61FF30F86295}.Release|Any CPU.ActiveCfg = Release|Any CPU
		{AA731AB2-C767-4D43-9965-61FF30F86295}.Release|Any CPU.Build.0 = Release|Any CPU
		{8334A447-A8A4-4475-BD3E-8AFF1578E7A3}.Debug|Any CPU.ActiveCfg = Debug|Any CPU
		{8334A447-A8A4-4475-BD3E-8AFF1578E7A3}.Debug|Any CPU.Build.0 = Debug|Any CPU
		{8334A447-A8A4-4475-BD3E-8AFF1578E7A3}.Release|Any CPU.ActiveCfg = Release|Any CPU
		{8334A447-A8A4-4475-BD3E-8AFF1578E7A3}.Release|Any CPU.Build.0 = Release|Any CPU
		{3AFB8505-3849-4A88-9DDB-5B1720FCE736}.Debug|Any CPU.ActiveCfg = Debug|Any CPU
		{3AFB8505-3849-4A88-9DDB-5B1720FCE736}.Debug|Any CPU.Build.0 = Debug|Any CPU
		{3AFB8505-3849-4A88-9DDB-5B1720FCE736}.Release|Any CPU.ActiveCfg = Release|Any CPU
		{3AFB8505-3849-4A88-9DDB-5B1720FCE736}.Release|Any CPU.Build.0 = Release|Any CPU
	EndGlobalSection
	GlobalSection(SolutionProperties) = preSolution
		HideSolutionNode = FALSE
	EndGlobalSection
	GlobalSection(ExtensibilityGlobals) = postSolution
		SolutionGuid = {6827450D-39A9-4560-BE45-C5717BF5C368}
	EndGlobalSection
EndGlobal
